# THIS IS AN AUTOGENERATED FILE. DO NOT EDIT THIS FILE DIRECTLY.
# yarn lockfile v1


javascript-detect-element-resize@^0.5.3:
  version "0.5.3"
  resolved "https://registry.yarnpkg.com/javascript-detect-element-resize/-/javascript-detect-element-resize-0.5.3.tgz#1a71cd51dfe565907f299012fe73a294104025de"
  integrity sha1-GnHNUd/lZZB/KZAS/nOilBBAJd4=

lodash@^4.16.1:
  version "4.17.11"
  resolved "https://registry.yarnpkg.com/lodash/-/lodash-4.17.11.tgz#b39ea6229ef607ecd89e2c8df12536891cac9b8d"
  integrity sha512-cQKh8igo5QUhZ7lg38DYWAxMvjSAKG0A8wGSVimP07SIUEK2UO+arSRKbRZWtelMtN5V0Hkwh5ryOto/SshYIg==

vue-mixins@^0.3.0:
  version "0.3.6"
  resolved "https://registry.yarnpkg.com/vue-mixins/-/vue-mixins-0.3.6.tgz#49e19cf52c8dbc2c65c919ec67a7d8e25e2e9a86"
  integrity sha1-SeGc9SyNvCxlyRnsZ6fY4l4umoY=
  dependencies:
    javascript-detect-element-resize "^0.5.3"
    lodash "^4.16.1"

vue-parallax@^1.1.1:
  version "1.1.1"
  resolved "https://registry.yarnpkg.com/vue-parallax/-/vue-parallax-1.1.1.tgz#54682835c18e350d9f8692fc457ab9ced44a40a3"
  integrity sha1-VGgoNcGONQ2fhpL8RXq5ztRKQKM=
  dependencies:
    vue-mixins "^0.3.0"
